
Microsoft Visual Studio Solution File, Format Version 12.00
# Visual Studio Version 16
VisualStudioVersion = 16.0.31019.35
MinimumVisualStudioVersion = 10.0.40219.1
Project("{FAE04EC0-301F-11D3-BF4B-00C04F79EFBC}") = "ConsoleApp2", "ConsoleApp2\ConsoleApp2.csproj", "{07B58923-A011-47A8-A040-EB095A3F9D50}"
EndProject
Project("{FAE04EC0-301F-11D3-BF4B-00C04F79EFBC}") = "ConsoleApp3", "ConsoleApp3\ConsoleApp3.csproj", "{D45C3CD1-7FD0-413F-A322-72E1F7DFFEDF}"
EndProject
Global
	GlobalSection(SolutionConfigurationPlatforms) = preSolution
		Debug|Any CPU = Debug|Any CPU
		Release|Any CPU = Release|Any CPU
	EndGlobalSection
	GlobalSection(ProjectConfigurationPlatforms) = postSolution
		{07B58923-A011-47A8-A040-EB095A3F9D50}.Debug|Any CPU.ActiveCfg = Debug|Any CPU
		{07B58923-A011-47A8-A040-EB095A3F9D50}.Debug|Any CPU.Build.0 = Debug|Any CPU
		{07B58923-A011-47A8-A040-EB095A3F9D50}.Release|Any CPU.ActiveCfg = Release|Any CPU
		{07B58923-A011-47A8-A040-EB095A3F9D50}.Release|Any CPU.Build.0 = Release|Any CPU
		{D45C3CD1-7FD0-413F-A322-72E1F7DFFEDF}.Debug|Any CPU.ActiveCfg = Debug|Any CPU
		{D45C3CD1-7FD0-413F-A322-72E1F7DFFEDF}.Debug|Any CPU.Build.0 = Debug|Any CPU
		{D45C3CD1-7FD0-413F-A322-72E1F7DFFEDF}.Release|Any CPU.ActiveCfg = Release|Any CPU
		{D45C3CD1-7FD0-413F-A322-72E1F7DFFEDF}.Release|Any CPU.Build.0 = Release|Any CPU
	EndGlobalSection
	GlobalSection(SolutionProperties) = preSolution
		HideSolutionNode = FALSE
	EndGlobalSection
	GlobalSection(ExtensibilityGlobals) = postSolution
		SolutionGuid = {0B104D03-8914-4563-A09D-8B9B64636F17}
	EndGlobalSection
EndGlobal
