
Microsoft Visual Studio Solution File, Format Version 12.00
# Visual Studio Version 16
VisualStudioVersion = 16.0.31019.35
MinimumVisualStudioVersion = 10.0.40219.1
Project("{FAE04EC0-301F-11D3-BF4B-00C04F79EFBC}") = "NUnitTestProject1", "NUnitTestProject1\NUnitTestProject1.csproj", "{B980C167-8E68-4A52-9A47-FCFC40C0DDE5}"
EndProject
Global
	GlobalSection(SolutionConfigurationPlatforms) = preSolution
		Debug|Any CPU = Debug|Any CPU
		Release|Any CPU = Release|Any CPU
	EndGlobalSection
	GlobalSection(ProjectConfigurationPlatforms) = postSolution
		{B980C167-8E68-4A52-9A47-FCFC40C0DDE5}.Debug|Any CPU.ActiveCfg = Debug|Any CPU
		{B980C167-8E68-4A52-9A47-FCFC40C0DDE5}.Debug|Any CPU.Build.0 = Debug|Any CPU
		{B980C167-8E68-4A52-9A47-FCFC40C0DDE5}.Release|Any CPU.ActiveCfg = Release|Any CPU
		{B980C167-8E68-4A52-9A47-FCFC40C0DDE5}.Release|Any CPU.Build.0 = Release|Any CPU
	EndGlobalSection
	GlobalSection(SolutionProperties) = preSolution
		HideSolutionNode = FALSE
	EndGlobalSection
	GlobalSection(ExtensibilityGlobals) = postSolution
		SolutionGuid = {A41D2C60-417C-4EDE-ABB4-A0921727077B}
	EndGlobalSection
EndGlobal
